
Microsoft Visual Studio Solution File, Format Version 12.00
# Visual Studio 14
VisualStudioVersion = 14.0.24720.0
MinimumVisualStudioVersion = 10.0.40219.1
Project("{FAE04EC0-301F-11D3-BF4B-00C04F79EFBC}") = "MapEditor", "MapEditor\MapEditor.csproj", "{C549BF40-4F5C-49AC-B299-3778357C9665}"
EndProject
Global
	GlobalSection(SolutionConfigurationPlatforms) = preSolution
		Debug|Any CPU = Debug|Any CPU
		Release|Any CPU = Release|Any CPU
	EndGlobalSection
	GlobalSection(ProjectConfigurationPlatforms) = postSolution
		{C549BF40-4F5C-49AC-B299-3778357C9665}.Debug|Any CPU.ActiveCfg = Debug|Any CPU
		{C549BF40-4F5C-49AC-B299-3778357C9665}.Debug|Any CPU.Build.0 = Debug|Any CPU
		{C549BF40-4F5C-49AC-B299-3778357C9665}.Release|Any CPU.ActiveCfg = Release|Any CPU
		{C549BF40-4F5C-49AC-B299-3778357C9665}.Release|Any CPU.Build.0 = Release|Any CPU
	EndGlobalSection
	GlobalSection(SolutionProperties) = preSolution
		HideSolutionNode = FALSE
	EndGlobalSection
EndGlobal
