<?xml version="1.0" encoding="utf-8"?>
<Project ToolsVersion="4.0" xmlns="http://schemas.microsoft.com/developer/msbuild/2003">
  <ItemGroup>
    <ClCompile Include="MegamanX3.cpp" />
    <ClCompile Include="pch.cpp" />
    <ClCompile Include="Player.cpp">
      <Filter>Entities\Player</Filter>
    </ClCompile>
    <ClCompile Include="PlayerState.cpp">
      <Filter>Entities\Player</Filter>
    </ClCompile>
    <ClCompile Include="PlayerRunningState.cpp">
      <Filter>Entities\Player</Filter>
    </ClCompile>
    <ClCompile Include="PlayerStandingState.cpp">
      <Filter>Entities\Player</Filter>
    </ClCompile>
    <ClCompile Include="PlayerFallingState.cpp">
      <Filter>Entities\Player</Filter>
    </ClCompile>
    <ClCompile Include="PlayerJumpingState.cpp">
      <Filter>Entities\Player</Filter>
    </ClCompile>
    <ClCompile Include="AnimatedSprite.cpp">
      <Filter>Graphics</Filter>
    </ClCompile>
    <ClCompile Include="Texture.cpp">
      <Filter>Graphics</Filter>
    </ClCompile>
    <ClCompile Include="Sprite.cpp">
      <Filter>Graphics</Filter>
    </ClCompile>
    <ClCompile Include="Timer.cpp">
      <Filter>Helper</Filter>
    </ClCompile>
    <ClCompile Include="ResourceManager.cpp">
      <Filter>Managers</Filter>
    </ClCompile>
    <ClCompile Include="EntityManager.cpp">
      <Filter>Managers</Filter>
    </ClCompile>
    <ClCompile Include="DXManager.cpp">
      <Filter>Managers</Filter>
    </ClCompile>
    <ClCompile Include="QuadTree.cpp">
      <Filter>World</Filter>
    </ClCompile>
    <ClCompile Include="Camera.cpp">
      <Filter>World</Filter>
    </ClCompile>
    <ClCompile Include="Map.cpp">
      <Filter>World</Filter>
    </ClCompile>
    <ClCompile Include="Engine.cpp">
      <Filter>Core</Filter>
    </ClCompile>
    <ClCompile Include="Entity.cpp">
      <Filter>Core</Filter>
    </ClCompile>
    <ClCompile Include="FrameWork.cpp">
      <Filter>Core</Filter>
    </ClCompile>
    <ClCompile Include="Input.cpp">
      <Filter>Core</Filter>
    </ClCompile>
    <ClCompile Include="Graphics.cpp">
      <Filter>Core</Filter>
    </ClCompile>
    <ClCompile Include="GameScene.cpp">
      <Filter>Scenes</Filter>
    </ClCompile>
    <ClCompile Include="Collision.cpp">
      <Filter>Core</Filter>
    </ClCompile>
    <ClCompile Include="DebugDraw.cpp">
      <Filter>Core</Filter>
    </ClCompile>
    <ClCompile Include="PlayerDamagedState.cpp">
      <Filter>Entities\Player</Filter>
    </ClCompile>
    <ClCompile Include="PlayerSlidingState.cpp">
      <Filter>Entities\Player</Filter>
    </ClCompile>
    <ClCompile Include="UpPlatform.cpp">
      <Filter>Entities\Ground</Filter>
    </ClCompile>
    <ClCompile Include="Thorn.cpp">
      <Filter>Entities\Ground</Filter>
    </ClCompile>
    <ClCompile Include="Platform.cpp">
      <Filter>Entities\Ground</Filter>
    </ClCompile>
    <ClCompile Include="Elevator.cpp">
      <Filter>Entities\Ground</Filter>
    </ClCompile>
    <ClCompile Include="DownPlatform.cpp">
      <Filter>Entities\Ground</Filter>
    </ClCompile>
    <ClCompile Include="Door.cpp">
      <Filter>Entities\Ground</Filter>
    </ClCompile>
    <ClCompile Include="Conveyor.cpp">
      <Filter>Entities\Ground</Filter>
    </ClCompile>
    <ClCompile Include="Cargo.cpp">
      <Filter>Entities\Ground</Filter>
    </ClCompile>
    <ClCompile Include="BoxWall.cpp">
      <Filter>Entities\Ground</Filter>
    </ClCompile>
    <ClCompile Include="Box.cpp">
      <Filter>Entities\Ground</Filter>
    </ClCompile>
    <ClCompile Include="Life.cpp">
      <Filter>Entities\Item</Filter>
    </ClCompile>
    <ClCompile Include="Energy.cpp">
      <Filter>Entities\Item</Filter>
    </ClCompile>
    <ClCompile Include="BlastHornet.cpp">
      <Filter>Entities\Enemy\BlastHornet</Filter>
    </ClCompile>
    <ClCompile Include="CarryArm.cpp">
      <Filter>Entities\Enemy\CarryArm</Filter>
    </ClCompile>
    <ClCompile Include="HeadGunner.cpp">
      <Filter>Entities\Enemy\HeadGunner</Filter>
    </ClCompile>
    <ClCompile Include="Helit.cpp">
      <Filter>Entities\Enemy\Helit</Filter>
    </ClCompile>
    <ClCompile Include="Shurikein.cpp">
      <Filter>Entities\Enemy\Shurikein</Filter>
    </ClCompile>
    <ClCompile Include="NotorBanger.cpp">
      <Filter>Entities\Enemy\NotorBanger</Filter>
    </ClCompile>
    <ClCompile Include="Bee.cpp">
      <Filter>Entities\Enemy\Bee</Filter>
    </ClCompile>
    <ClCompile Include="BlastHornetState.cpp">
      <Filter>Entities\Enemy\BlastHornet</Filter>
    </ClCompile>
    <ClCompile Include="NotorBangerState.cpp">
      <Filter>Entities\Enemy\NotorBanger</Filter>
    </ClCompile>
    <ClCompile Include="HeadGunnerState.cpp">
      <Filter>Entities\Enemy\HeadGunner</Filter>
    </ClCompile>
  </ItemGroup>
  <ItemGroup>
    <ClInclude Include="pch.h" />
    <ClInclude Include="Player.h">
      <Filter>Entities\Player</Filter>
    </ClInclude>
    <ClInclude Include="PlayerState.h">
      <Filter>Entities\Player</Filter>
    </ClInclude>
    <ClInclude Include="PlayerStateHandler.h">
      <Filter>Entities\Player</Filter>
    </ClInclude>
    <ClInclude Include="PlayerRunningState.h">
      <Filter>Entities\Player</Filter>
    </ClInclude>
    <ClInclude Include="PlayerStandingState.h">
      <Filter>Entities\Player</Filter>
    </ClInclude>
    <ClInclude Include="PlayerFallingState.h">
      <Filter>Entities\Player</Filter>
    </ClInclude>
    <ClInclude Include="PlayerJumpingState.h">
      <Filter>Entities\Player</Filter>
    </ClInclude>
    <ClInclude Include="AnimatedSprite.h">
      <Filter>Graphics</Filter>
    </ClInclude>
    <ClInclude Include="Texture.h">
      <Filter>Graphics</Filter>
    </ClInclude>
    <ClInclude Include="Sprite.h">
      <Filter>Graphics</Filter>
    </ClInclude>
    <ClInclude Include="Timer.h">
      <Filter>Helper</Filter>
    </ClInclude>
    <ClInclude Include="SystemDefs.h">
      <Filter>Helper</Filter>
    </ClInclude>
    <ClInclude Include="ResourceManager.h">
      <Filter>Managers</Filter>
    </ClInclude>
    <ClInclude Include="EntityManager.h">
      <Filter>Managers</Filter>
    </ClInclude>
    <ClInclude Include="DXManager.h">
      <Filter>Managers</Filter>
    </ClInclude>
    <ClInclude Include="QuadTree.h">
      <Filter>World</Filter>
    </ClInclude>
    <ClInclude Include="Map.h">
      <Filter>World</Filter>
    </ClInclude>
    <ClInclude Include="Camera.h">
      <Filter>World</Filter>
    </ClInclude>
    <ClInclude Include="Engine.h">
      <Filter>Core</Filter>
    </ClInclude>
    <ClInclude Include="Entity.h">
      <Filter>Core</Filter>
    </ClInclude>
    <ClInclude Include="FrameWork.h">
      <Filter>Core</Filter>
    </ClInclude>
    <ClInclude Include="Graphics.h">
      <Filter>Core</Filter>
    </ClInclude>
    <ClInclude Include="Input.h">
      <Filter>Core</Filter>
    </ClInclude>
    <ClInclude Include="GameComponent.h">
      <Filter>Scenes</Filter>
    </ClInclude>
    <ClInclude Include="GameScene.h">
      <Filter>Scenes</Filter>
    </ClInclude>
    <ClInclude Include="SweptAABB.h">
      <Filter>Helper</Filter>
    </ClInclude>
    <ClInclude Include="Collision.h">
      <Filter>Core</Filter>
    </ClInclude>
    <ClInclude Include="DebugDraw.h">
      <Filter>Core</Filter>
    </ClInclude>
    <ClInclude Include="PlayerDamagedState.h">
      <Filter>Entities\Player</Filter>
    </ClInclude>
    <ClInclude Include="PlayerSlidingState.h">
      <Filter>Entities\Player</Filter>
    </ClInclude>
    <ClInclude Include="UpPlatform.h">
      <Filter>Entities\Ground</Filter>
    </ClInclude>
    <ClInclude Include="Thorn.h">
      <Filter>Entities\Ground</Filter>
    </ClInclude>
    <ClInclude Include="Platform.h">
      <Filter>Entities\Ground</Filter>
    </ClInclude>
    <ClInclude Include="Elevator.h">
      <Filter>Entities\Ground</Filter>
    </ClInclude>
    <ClInclude Include="DownPlatform.h">
      <Filter>Entities\Ground</Filter>
    </ClInclude>
    <ClInclude Include="Door.h">
      <Filter>Entities\Ground</Filter>
    </ClInclude>
    <ClInclude Include="Conveyor.h">
      <Filter>Entities\Ground</Filter>
    </ClInclude>
    <ClInclude Include="Cargo.h">
      <Filter>Entities\Ground</Filter>
    </ClInclude>
    <ClInclude Include="BoxWall.h">
      <Filter>Entities\Ground</Filter>
    </ClInclude>
    <ClInclude Include="Box.h">
      <Filter>Entities\Ground</Filter>
    </ClInclude>
    <ClInclude Include="Life.h">
      <Filter>Entities\Item</Filter>
    </ClInclude>
    <ClInclude Include="Energy.h">
      <Filter>Entities\Item</Filter>
    </ClInclude>
    <ClInclude Include="BlastHornet.h">
      <Filter>Entities\Enemy\BlastHornet</Filter>
    </ClInclude>
    <ClInclude Include="CarryArm.h">
      <Filter>Entities\Enemy\CarryArm</Filter>
    </ClInclude>
    <ClInclude Include="HeadGunner.h">
      <Filter>Entities\Enemy\HeadGunner</Filter>
    </ClInclude>
    <ClInclude Include="Helit.h">
      <Filter>Entities\Enemy\Helit</Filter>
    </ClInclude>
    <ClInclude Include="Shurikein.h">
      <Filter>Entities\Enemy\Shurikein</Filter>
    </ClInclude>
    <ClInclude Include="NotorBanger.h">
      <Filter>Entities\Enemy\NotorBanger</Filter>
    </ClInclude>
    <ClInclude Include="Bee.h">
      <Filter>Entities\Enemy\Bee</Filter>
    </ClInclude>
    <ClInclude Include="BlastHornetState.h">
      <Filter>Entities\Enemy\BlastHornet</Filter>
    </ClInclude>
    <ClInclude Include="BlastHornetStateHandler.h">
      <Filter>Entities\Enemy\BlastHornet</Filter>
    </ClInclude>
    <ClInclude Include="NotorBangerState.h">
      <Filter>Entities\Enemy\NotorBanger</Filter>
    </ClInclude>
    <ClInclude Include="NotorBangerStateHandler.h">
      <Filter>Entities\Enemy\NotorBanger</Filter>
    </ClInclude>
    <ClInclude Include="HeadGunnerStateHandler.h">
      <Filter>Entities\Enemy\HeadGunner</Filter>
    </ClInclude>
    <ClInclude Include="HeadGunnerState.h">
      <Filter>Entities\Enemy\HeadGunner</Filter>
    </ClInclude>
  </ItemGroup>
  <ItemGroup>
    <Filter Include="Graphics">
      <UniqueIdentifier>{f2600390-74ca-499d-99af-a9cce5ac2cb2}</UniqueIdentifier>
    </Filter>
    <Filter Include="Helper">
      <UniqueIdentifier>{60ff3288-7cb8-4da0-8aa4-14b0467c87f8}</UniqueIdentifier>
    </Filter>
    <Filter Include="Managers">
      <UniqueIdentifier>{67b71165-da6c-4d69-8985-0034bb4ae2fe}</UniqueIdentifier>
    </Filter>
    <Filter Include="Core">
      <UniqueIdentifier>{849587b6-be79-4417-ad83-9cd107111439}</UniqueIdentifier>
    </Filter>
    <Filter Include="World">
      <UniqueIdentifier>{7dda6e4c-eb92-422b-a3dc-6d9b0a2dc219}</UniqueIdentifier>
    </Filter>
    <Filter Include="Scenes">
      <UniqueIdentifier>{1b280b5a-576c-4e23-99dd-afa6af513317}</UniqueIdentifier>
    </Filter>
    <Filter Include="Entities">
      <UniqueIdentifier>{48d15e3b-a7f3-47e6-a8d7-7f366816b643}</UniqueIdentifier>
    </Filter>
    <Filter Include="Entities\Enemy">
      <UniqueIdentifier>{1e98a3be-5707-4592-bb2f-b38391d83745}</UniqueIdentifier>
    </Filter>
    <Filter Include="Entities\Ground">
      <UniqueIdentifier>{df43c6b1-6e39-453f-8a44-adf82eb63ae3}</UniqueIdentifier>
    </Filter>
    <Filter Include="Entities\Item">
      <UniqueIdentifier>{9773de87-0d07-434f-8d43-ff03bfb1eeb7}</UniqueIdentifier>
    </Filter>
    <Filter Include="Entities\Enemy\BlastHornet">
      <UniqueIdentifier>{8264c7f4-5185-4d1c-9e18-a4d20dedb089}</UniqueIdentifier>
    </Filter>
    <Filter Include="Entities\Enemy\CarryArm">
      <UniqueIdentifier>{55724f17-8ea1-4c8e-9dab-c7f09b31f1ec}</UniqueIdentifier>
    </Filter>
    <Filter Include="Entities\Enemy\HeadGunner">
      <UniqueIdentifier>{e5f94147-340e-4e79-b208-c18573185277}</UniqueIdentifier>
    </Filter>
    <Filter Include="Entities\Enemy\Helit">
      <UniqueIdentifier>{86000a7e-a606-4e89-93e5-45353a0b572c}</UniqueIdentifier>
    </Filter>
    <Filter Include="Entities\Enemy\Shurikein">
      <UniqueIdentifier>{355ebffe-196e-4a8f-857f-cfc32506640c}</UniqueIdentifier>
    </Filter>
    <Filter Include="Entities\Enemy\NotorBanger">
      <UniqueIdentifier>{5c2c7b7d-14ed-4816-9550-f11484970fcf}</UniqueIdentifier>
    </Filter>
    <Filter Include="Entities\Enemy\Bee">
      <UniqueIdentifier>{feec22ce-2c58-48e0-95cd-26483fe4d6a7}</UniqueIdentifier>
    </Filter>
    <Filter Include="Entities\Player">
      <UniqueIdentifier>{7564f464-34bb-4ac0-97c2-4b61affc44f2}</UniqueIdentifier>
    </Filter>
  </ItemGroup>
</Project>