<?xml version="1.0" encoding="utf-8"?>
<Project ToolsVersion="4.0" xmlns="http://schemas.microsoft.com/developer/msbuild/2003">
  <ItemGroup>
    <ClCompile Include="MegamanX3.cpp" />
    <ClCompile Include="pch.cpp" />
    <ClCompile Include="Player.cpp">
      <Filter>Player</Filter>
    </ClCompile>
    <ClCompile Include="PlayerState.cpp">
      <Filter>Player</Filter>
    </ClCompile>
    <ClCompile Include="PlayerRunningState.cpp">
      <Filter>Player</Filter>
    </ClCompile>
    <ClCompile Include="PlayerStandingState.cpp">
      <Filter>Player</Filter>
    </ClCompile>
    <ClCompile Include="PlayerFallingState.cpp">
      <Filter>Player</Filter>
    </ClCompile>
    <ClCompile Include="PlayerJumpingState.cpp">
      <Filter>Player</Filter>
    </ClCompile>
    <ClCompile Include="AnimatedSprite.cpp">
      <Filter>Graphics</Filter>
    </ClCompile>
    <ClCompile Include="Texture.cpp">
      <Filter>Graphics</Filter>
    </ClCompile>
    <ClCompile Include="Sprite.cpp">
      <Filter>Graphics</Filter>
    </ClCompile>
    <ClCompile Include="Timer.cpp">
      <Filter>Helper</Filter>
    </ClCompile>
    <ClCompile Include="ResourceManager.cpp">
      <Filter>Managers</Filter>
    </ClCompile>
    <ClCompile Include="EntityManager.cpp">
      <Filter>Managers</Filter>
    </ClCompile>
    <ClCompile Include="DXManager.cpp">
      <Filter>Managers</Filter>
    </ClCompile>
    <ClCompile Include="QuadTree.cpp">
      <Filter>World</Filter>
    </ClCompile>
    <ClCompile Include="Camera.cpp">
      <Filter>World</Filter>
    </ClCompile>
    <ClCompile Include="Map.cpp">
      <Filter>World</Filter>
    </ClCompile>
    <ClCompile Include="Engine.cpp">
      <Filter>Core</Filter>
    </ClCompile>
    <ClCompile Include="Entity.cpp">
      <Filter>Core</Filter>
    </ClCompile>
    <ClCompile Include="FrameWork.cpp">
      <Filter>Core</Filter>
    </ClCompile>
    <ClCompile Include="Input.cpp">
      <Filter>Core</Filter>
    </ClCompile>
    <ClCompile Include="Graphics.cpp">
      <Filter>Core</Filter>
    </ClCompile>
    <ClCompile Include="GameScene.cpp">
      <Filter>Scenes</Filter>
    </ClCompile>
    <ClCompile Include="Collision.cpp">
      <Filter>Core</Filter>
    </ClCompile>
    <ClCompile Include="DebugDraw.cpp">
      <Filter>Core</Filter>
    </ClCompile>
  </ItemGroup>
  <ItemGroup>
    <ClInclude Include="pch.h" />
    <ClInclude Include="Player.h">
      <Filter>Player</Filter>
    </ClInclude>
    <ClInclude Include="PlayerState.h">
      <Filter>Player</Filter>
    </ClInclude>
    <ClInclude Include="PlayerStateHandler.h">
      <Filter>Player</Filter>
    </ClInclude>
    <ClInclude Include="PlayerRunningState.h">
      <Filter>Player</Filter>
    </ClInclude>
    <ClInclude Include="PlayerStandingState.h">
      <Filter>Player</Filter>
    </ClInclude>
    <ClInclude Include="PlayerFallingState.h">
      <Filter>Player</Filter>
    </ClInclude>
    <ClInclude Include="PlayerJumpingState.h">
      <Filter>Player</Filter>
    </ClInclude>
    <ClInclude Include="AnimatedSprite.h">
      <Filter>Graphics</Filter>
    </ClInclude>
    <ClInclude Include="Texture.h">
      <Filter>Graphics</Filter>
    </ClInclude>
    <ClInclude Include="Sprite.h">
      <Filter>Graphics</Filter>
    </ClInclude>
    <ClInclude Include="Timer.h">
      <Filter>Helper</Filter>
    </ClInclude>
    <ClInclude Include="SystemDefs.h">
      <Filter>Helper</Filter>
    </ClInclude>
    <ClInclude Include="ResourceManager.h">
      <Filter>Managers</Filter>
    </ClInclude>
    <ClInclude Include="EntityManager.h">
      <Filter>Managers</Filter>
    </ClInclude>
    <ClInclude Include="DXManager.h">
      <Filter>Managers</Filter>
    </ClInclude>
    <ClInclude Include="QuadTree.h">
      <Filter>World</Filter>
    </ClInclude>
    <ClInclude Include="Map.h">
      <Filter>World</Filter>
    </ClInclude>
    <ClInclude Include="Camera.h">
      <Filter>World</Filter>
    </ClInclude>
    <ClInclude Include="Engine.h">
      <Filter>Core</Filter>
    </ClInclude>
    <ClInclude Include="Entity.h">
      <Filter>Core</Filter>
    </ClInclude>
    <ClInclude Include="FrameWork.h">
      <Filter>Core</Filter>
    </ClInclude>
    <ClInclude Include="Graphics.h">
      <Filter>Core</Filter>
    </ClInclude>
    <ClInclude Include="Input.h">
      <Filter>Core</Filter>
    </ClInclude>
    <ClInclude Include="GameComponent.h">
      <Filter>Scenes</Filter>
    </ClInclude>
    <ClInclude Include="GameScene.h">
      <Filter>Scenes</Filter>
    </ClInclude>
    <ClInclude Include="SweptAABB.h">
      <Filter>Helper</Filter>
    </ClInclude>
    <ClInclude Include="Collision.h">
      <Filter>Core</Filter>
    </ClInclude>
    <ClInclude Include="DebugDraw.h">
      <Filter>Core</Filter>
    </ClInclude>
  </ItemGroup>
  <ItemGroup>
    <Filter Include="Player">
      <UniqueIdentifier>{7564f464-34bb-4ac0-97c2-4b61affc44f2}</UniqueIdentifier>
    </Filter>
    <Filter Include="Graphics">
      <UniqueIdentifier>{f2600390-74ca-499d-99af-a9cce5ac2cb2}</UniqueIdentifier>
    </Filter>
    <Filter Include="Helper">
      <UniqueIdentifier>{60ff3288-7cb8-4da0-8aa4-14b0467c87f8}</UniqueIdentifier>
    </Filter>
    <Filter Include="Managers">
      <UniqueIdentifier>{67b71165-da6c-4d69-8985-0034bb4ae2fe}</UniqueIdentifier>
    </Filter>
    <Filter Include="Core">
      <UniqueIdentifier>{849587b6-be79-4417-ad83-9cd107111439}</UniqueIdentifier>
    </Filter>
    <Filter Include="World">
      <UniqueIdentifier>{7dda6e4c-eb92-422b-a3dc-6d9b0a2dc219}</UniqueIdentifier>
    </Filter>
    <Filter Include="Scenes">
      <UniqueIdentifier>{1b280b5a-576c-4e23-99dd-afa6af513317}</UniqueIdentifier>
    </Filter>
  </ItemGroup>
</Project>